
Microsoft Visual Studio Solution File, Format Version 12.00
# Visual Studio Version 18
VisualStudioVersion = 18.6.11828.311 oobstable
MinimumVisualStudioVersion = 10.0.40219.1
Project("{FAE04EC0-301F-11D3-BF4B-00C04F79EFBC}") = "editor", "editor.csproj", "{3DB9CC06-73BC-664C-AB04-67F5FEFB37CB}"
EndProject
Global
	GlobalSection(SolutionConfigurationPlatforms) = preSolution
		Debug|Any CPU = Debug|Any CPU
		Release|Any CPU = Release|Any CPU
	EndGlobalSection
	GlobalSection(ProjectConfigurationPlatforms) = postSolution
		{3DB9CC06-73BC-664C-AB04-67F5FEFB37CB}.Debug|Any CPU.ActiveCfg = Debug|Any CPU
		{3DB9CC06-73BC-664C-AB04-67F5FEFB37CB}.Debug|Any CPU.Build.0 = Debug|Any CPU
		{3DB9CC06-73BC-664C-AB04-67F5FEFB37CB}.Release|Any CPU.ActiveCfg = Release|Any CPU
		{3DB9CC06-73BC-664C-AB04-67F5FEFB37CB}.Release|Any CPU.Build.0 = Release|Any CPU
	EndGlobalSection
	GlobalSection(SolutionProperties) = preSolution
		HideSolutionNode = FALSE
	EndGlobalSection
	GlobalSection(ExtensibilityGlobals) = postSolution
		SolutionGuid = {76178475-E4FE-4DCE-B898-C939D6BEDD27}
	EndGlobalSection
EndGlobal
