<?xml version="1.0" encoding="utf-8"?>
<Project ToolsVersion="4.0" xmlns="http://schemas.microsoft.com/developer/msbuild/2003">
  <ItemGroup>
    <Filter Include="Исходные файлы">
      <UniqueIdentifier>{4FC737F1-C7A5-4376-A066-2A32D752A2FF}</UniqueIdentifier>
      <Extensions>cpp;c;cc;cxx;c++;cppm;ixx;def;odl;idl;hpj;bat;asm;asmx</Extensions>
    </Filter>
    <Filter Include="Файлы заголовков">
      <UniqueIdentifier>{93995380-89BD-4b04-88EB-625FBE52EBFB}</UniqueIdentifier>
      <Extensions>h;hh;hpp;hxx;h++;hm;inl;inc;ipp;xsd</Extensions>
    </Filter>
    <Filter Include="Файлы ресурсов">
      <UniqueIdentifier>{67DA6AB6-F800-4c08-8B7A-83BB121AAD01}</UniqueIdentifier>
      <Extensions>rc;ico;cur;bmp;dlg;rc2;rct;bin;rgs;gif;jpg;jpeg;jpe;resx;tiff;tif;png;wav;mfcribbon-ms</Extensions>
    </Filter>
  </ItemGroup>
  <ItemGroup>
    <ClInclude Include="pch\header.h">
      <Filter>Файлы заголовков</Filter>
    </ClInclude>
    <ClInclude Include="pch\pch.h">
      <Filter>Файлы заголовков</Filter>
    </ClInclude>
    <ClInclude Include="zEngine.h">
      <Filter>Файлы заголовков</Filter>
    </ClInclude>
    <ClInclude Include="pch\headerWin.h">
      <Filter>Файлы заголовков</Filter>
    </ClInclude>
    <ClInclude Include="source\helpers\zResult.h">
      <Filter>Файлы заголовков</Filter>
    </ClInclude>
    <ClInclude Include="source\Platforms\MessageBox\ISysMB.h">
      <Filter>Файлы заголовков</Filter>
    </ClInclude>
    <ClInclude Include="source\Platforms\MessageBox\MB_MSWin.h">
      <Filter>Файлы заголовков</Filter>
    </ClInclude>
    <ClInclude Include="source\Platforms\Platform.h">
      <Filter>Файлы заголовков</Filter>
    </ClInclude>
    <ClInclude Include="source\Types.h">
      <Filter>Файлы заголовков</Filter>
    </ClInclude>
    <ClInclude Include="source\Platforms\WinApplication\IWinApp.h">
      <Filter>Файлы заголовков</Filter>
    </ClInclude>
    <ClInclude Include="source\Platforms\WinApplication\WinAppMSWindows.h">
      <Filter>Файлы заголовков</Filter>
    </ClInclude>
    <ClInclude Include="source\Factories\FactoryInit.h">
      <Filter>Файлы заголовков</Filter>
    </ClInclude>
    <ClInclude Include="source\Platforms\GAPI\IGAPI.h">
      <Filter>Файлы заголовков</Filter>
    </ClInclude>
    <ClInclude Include="source\Platforms\GAPI\DirectX12API.h">
      <Filter>Файлы заголовков</Filter>
    </ClInclude>
    <ClInclude Include="source\Factories\FactoryPlatform.h">
      <Filter>Файлы заголовков</Filter>
    </ClInclude>
    <ClInclude Include="source\Platforms\MainLoop\IMainAppLoop.h">
      <Filter>Файлы заголовков</Filter>
    </ClInclude>
    <ClInclude Include="source\Platforms\MainLoop\WindowsMainAppLoop.h">
      <Filter>Файлы заголовков</Filter>
    </ClInclude>
    <ClInclude Include="source\Platforms\MainLoop\MacOSMainAppLoop.h">
      <Filter>Файлы заголовков</Filter>
    </ClInclude>
    <ClInclude Include="source\Platforms\MainLoop\iOSMainAppLoop.h">
      <Filter>Файлы заголовков</Filter>
    </ClInclude>
    <ClInclude Include="source\Platforms\MainLoop\AndroidMainAppLoop.h">
      <Filter>Файлы заголовков</Filter>
    </ClInclude>
    <ClInclude Include="source\Platforms\MainLoop\LinuxMainAppLoop.h">
      <Filter>Файлы заголовков</Filter>
    </ClInclude>
  </ItemGroup>
  <ItemGroup>
    <ClCompile Include="zEngine.cpp">
      <Filter>Исходные файлы</Filter>
    </ClCompile>
    <ClCompile Include="pch\pch.cpp">
      <Filter>Исходные файлы</Filter>
    </ClCompile>
    <ClCompile Include="source\helpers\zResult.cpp">
      <Filter>Исходные файлы</Filter>
    </ClCompile>
    <ClCompile Include="source\Platforms\MessageBox\ISysMB.cpp">
      <Filter>Исходные файлы</Filter>
    </ClCompile>
    <ClCompile Include="source\Platforms\MessageBox\MB_MSWin.cpp">
      <Filter>Исходные файлы</Filter>
    </ClCompile>
    <ClCompile Include="source\Platforms\Platform.cpp">
      <Filter>Исходные файлы</Filter>
    </ClCompile>
    <ClCompile Include="source\Platforms\WinApplication\IWinApp.cpp">
      <Filter>Исходные файлы</Filter>
    </ClCompile>
    <ClCompile Include="source\Platforms\WinApplication\WinAppMSWindows.cpp">
      <Filter>Исходные файлы</Filter>
    </ClCompile>
    <ClCompile Include="source\Factories\FactoryInit.cpp">
      <Filter>Исходные файлы</Filter>
    </ClCompile>
    <ClCompile Include="source\Platforms\GAPI\IGAPI.cpp">
      <Filter>Исходные файлы</Filter>
    </ClCompile>
    <ClCompile Include="source\Platforms\GAPI\DirectX12API.cpp">
      <Filter>Исходные файлы</Filter>
    </ClCompile>
    <ClCompile Include="source\Factories\FactoryPlatform.cpp">
      <Filter>Исходные файлы</Filter>
    </ClCompile>
    <ClCompile Include="source\Platforms\MainLoop\IMainAppLoop.cpp">
      <Filter>Исходные файлы</Filter>
    </ClCompile>
    <ClCompile Include="source\Platforms\MainLoop\WindowsMainLoop.cpp">
      <Filter>Исходные файлы</Filter>
    </ClCompile>
    <ClCompile Include="source\Platforms\MainLoop\MacOSMainAppLoop.cpp">
      <Filter>Исходные файлы</Filter>
    </ClCompile>
    <ClCompile Include="source\Platforms\MainLoop\iOSMainAppLoop.cpp">
      <Filter>Исходные файлы</Filter>
    </ClCompile>
    <ClCompile Include="source\Platforms\MainLoop\AndroidMainAppLoop.cpp">
      <Filter>Исходные файлы</Filter>
    </ClCompile>
    <ClCompile Include="source\Platforms\MainLoop\LinuxMainAppLoop.cpp">
      <Filter>Исходные файлы</Filter>
    </ClCompile>
  </ItemGroup>
</Project>