<?xml version="1.0" encoding="utf-8"?>
<Project ToolsVersion="4.0" xmlns="http://schemas.microsoft.com/developer/msbuild/2003">
  <ItemGroup>
    <Filter Include="Файлы заголовков">
      <UniqueIdentifier>{93995380-89BD-4b04-88EB-625FBE52EBFB}</UniqueIdentifier>
      <Extensions>h;hh;hpp;hxx;h++;hm;inl;inc;ipp;xsd</Extensions>
    </Filter>
    <Filter Include="Файлы ресурсов">
      <UniqueIdentifier>{67DA6AB6-F800-4c08-8B7A-83BB121AAD01}</UniqueIdentifier>
      <Extensions>rc;ico;cur;bmp;dlg;rc2;rct;bin;rgs;gif;jpg;jpeg;jpe;resx;tiff;tif;png;wav;mfcribbon-ms</Extensions>
    </Filter>
    <Filter Include="Исходные файлы">
      <UniqueIdentifier>{4FC737F1-C7A5-4376-A066-2A32D752A2FF}</UniqueIdentifier>
      <Extensions>cpp;c;cc;cxx;c++;cppm;ixx;def;odl;idl;hpj;bat;asm;asmx</Extensions>
    </Filter>
  </ItemGroup>
  <ItemGroup>
    <ClInclude Include="pch.h">
      <Filter>Файлы заголовков</Filter>
    </ClInclude>
    <ClInclude Include="Headers\Header.h">
      <Filter>Файлы заголовков</Filter>
    </ClInclude>
    <ClInclude Include="Headers\PlatformsDefines.h">
      <Filter>Файлы заголовков</Filter>
    </ClInclude>
  </ItemGroup>
  <ItemGroup>
    <ClCompile Include="pch.cpp">
      <Filter>Исходные файлы</Filter>
    </ClCompile>
    <ClCompile Include="Source\Engine.cppm">
      <Filter>Исходные файлы</Filter>
    </ClCompile>
    <ClCompile Include="source\view\View.cppm">
      <Filter>Исходные файлы</Filter>
    </ClCompile>
    <ClCompile Include="source\factories\ViewFactory.cppm">
      <Filter>Исходные файлы</Filter>
    </ClCompile>
    <ClCompile Include="source\factories\EngineFactory.cppm">
      <Filter>Исходные файлы</Filter>
    </ClCompile>
    <ClCompile Include="source\resources\CPUResManager.cppm">
      <Filter>Исходные файлы</Filter>
    </ClCompile>
    <ClCompile Include="source\utilities\AppTime.cppm">
      <Filter>Исходные файлы</Filter>
    </ClCompile>
    <ClCompile Include="source\utilities\PerformanceMeter.cppm">
      <Filter>Исходные файлы</Filter>
    </ClCompile>
    <ClCompile Include="source\resources\GPUResManager.cppm">
      <Filter>Исходные файлы</Filter>
    </ClCompile>
    <ClCompile Include="source\utilities\GpuEventScope.cppm">
      <Filter>Исходные файлы</Filter>
    </ClCompile>
    <ClCompile Include="source\configs\StartupConfig.cppm">
      <Filter>Исходные файлы</Filter>
    </ClCompile>
    <ClCompile Include="source\ZAML\ZamlConfig.cppm">
      <Filter>Исходные файлы</Filter>
    </ClCompile>
    <ClCompile Include="source\ZAML\ioZaml.cppm">
      <Filter>Исходные файлы</Filter>
    </ClCompile>
    <ClCompile Include="source\configs\ZamlParser.cppm">
      <Filter>Исходные файлы</Filter>
    </ClCompile>
    <ClCompile Include="source\configs\ZamlParser_MSWinDirectX.cppm">
      <Filter>Исходные файлы</Filter>
    </ClCompile>
    <ClCompile Include="source\view\ViewSetup.cppm">
      <Filter>Исходные файлы</Filter>
    </ClCompile>
    <ClCompile Include="source\renderQueue\RenderQueue.cppm">
      <Filter>Исходные файлы</Filter>
    </ClCompile>
    <ClCompile Include="source\Interfaces\ISurfaceView\ISurfView.cppm">
      <Filter>Исходные файлы</Filter>
    </ClCompile>
    <ClCompile Include="source\Interfaces\ISurfaceView\SurfView_DX.cppm">
      <Filter>Исходные файлы</Filter>
    </ClCompile>
    <ClCompile Include="source\view\ViewportDesc.cppm">
      <Filter>Исходные файлы</Filter>
    </ClCompile>
    <ClCompile Include="source\renderQueue\RenderVolume.cppm">
      <Filter>Исходные файлы</Filter>
    </ClCompile>
    <ClCompile Include="source\Interfaces\IRenderLayers\IRenderLayer.cppm">
      <Filter>Исходные файлы</Filter>
    </ClCompile>
    <ClCompile Include="source\Interfaces\IRenderLayers\Layer3D.cppm">
      <Filter>Исходные файлы</Filter>
    </ClCompile>
    <ClCompile Include="source\Interfaces\IMeshGPU\IMeshGPU.cppm">
      <Filter>Исходные файлы</Filter>
    </ClCompile>
    <ClCompile Include="source\Interfaces\IMeshGPU\MeshGPU_DirectX.cppm">
      <Filter>Исходные файлы</Filter>
    </ClCompile>
    <ClCompile Include="source\Interfaces\IShader\IShader.cppm">
      <Filter>Исходные файлы</Filter>
    </ClCompile>
    <ClCompile Include="source\Interfaces\IShader\Shader_DirectX.cppm">
      <Filter>Исходные файлы</Filter>
    </ClCompile>
    <ClCompile Include="source\Interfaces\IPSO\IPSO.cppm">
      <Filter>Исходные файлы</Filter>
    </ClCompile>
    <ClCompile Include="source\Interfaces\IPSO\PSO_DX.cppm">
      <Filter>Исходные файлы</Filter>
    </ClCompile>
    <ClCompile Include="source\Material.cppm">
      <Filter>Исходные файлы</Filter>
    </ClCompile>
    <ClCompile Include="source\scenes\Scene.cppm">
      <Filter>Исходные файлы</Filter>
    </ClCompile>
    <ClCompile Include="source\scenes\SceneEntity.cppm">
      <Filter>Исходные файлы</Filter>
    </ClCompile>
    <ClCompile Include="source\resources\CPUIndexBuffer.cppm">
      <Filter>Исходные файлы</Filter>
    </ClCompile>
    <ClCompile Include="source\resources\CPUMesh.cppm">
      <Filter>Исходные файлы</Filter>
    </ClCompile>
    <ClCompile Include="source\resources\CPUVertexBuffer.cppm">
      <Filter>Исходные файлы</Filter>
    </ClCompile>
    <ClCompile Include="source\resources\VertexFormatMapper.cppm">
      <Filter>Исходные файлы</Filter>
    </ClCompile>
    <ClCompile Include="source\Transform.cppm">
      <Filter>Исходные файлы</Filter>
    </ClCompile>
    <ClCompile Include="source\api\UserView.cppm">
      <Filter>Исходные файлы</Filter>
    </ClCompile>
    <ClCompile Include="source\api\UserScene.cppm">
      <Filter>Исходные файлы</Filter>
    </ClCompile>
    <ClCompile Include="source\api\UserLayer3D.cppm">
      <Filter>Исходные файлы</Filter>
    </ClCompile>
    <ClCompile Include="source\scenes\SceneEntityFactory.cppm">
      <Filter>Исходные файлы</Filter>
    </ClCompile>
    <ClCompile Include="source\api\UserSceneEntity.cppm">
      <Filter>Исходные файлы</Filter>
    </ClCompile>
    <ClCompile Include="source\Interfaces\IBehavior\IBehavior.cppm">
      <Filter>Исходные файлы</Filter>
    </ClCompile>
    <ClCompile Include="source\Interfaces\IBehavior\IBehavior-impl.cpp">
      <Filter>Исходные файлы</Filter>
    </ClCompile>
    <ClCompile Include="source\Interfaces\IMeshGPU\MeshGPU_Vulkan.cppm">
      <Filter>Исходные файлы</Filter>
    </ClCompile>
    <ClCompile Include="source\Interfaces\IPSO\PSO_VK.cppm">
      <Filter>Исходные файлы</Filter>
    </ClCompile>
    <ClCompile Include="source\Interfaces\IShader\Shader_VK.cppm">
      <Filter>Исходные файлы</Filter>
    </ClCompile>
    <ClCompile Include="source\Interfaces\ISurfaceView\SurfView_VK.cppm">
      <Filter>Исходные файлы</Filter>
    </ClCompile>
  </ItemGroup>
  <ItemGroup>
    <None Include="packages.config" />
  </ItemGroup>
</Project>