<?xml version="1.0" encoding="utf-8"?>
<Project ToolsVersion="4.0" xmlns="http://www.microsoft.com/developer/msbuild/2003">
  <ItemGroup>
    <Filter Include="pch">
      <UniqueIdentifier>{ea867fa2-1678-43d9-95fe-4f11e9569fa1}</UniqueIdentifier>
    </Filter>
    <Filter Include="platforms">
      <UniqueIdentifier>{d3c11e3b-d53c-47fc-8f7d-8be94f509e53}</UniqueIdentifier>
    </Filter>
    <Filter Include="platforms\config">
      <UniqueIdentifier>{9a16f2c6-d922-4a00-abeb-a63e6e3c509b}</UniqueIdentifier>
    </Filter>
    <Filter Include="platforms\input">
      <UniqueIdentifier>{bb45f91f-0e12-4217-bfbe-d45094244fbe}</UniqueIdentifier>
    </Filter>
    <Filter Include="platforms\main_loop">
      <UniqueIdentifier>{e83bde28-12cd-41e7-9d7a-d0901e1cd7ea}</UniqueIdentifier>
    </Filter>
    <Filter Include="platforms\window">
      <UniqueIdentifier>{e7d8d217-cbe2-47d0-a0f1-0a4db7c8236d}</UniqueIdentifier>
    </Filter>
    <Filter Include="core">
      <UniqueIdentifier>{c06497ec-0f04-4c6e-8d82-b36d0de4b3ec}</UniqueIdentifier>
    </Filter>
    <Filter Include="core\utils">
      <UniqueIdentifier>{72b0c367-27b0-4df2-a3c3-d9fb48f5728a}</UniqueIdentifier>
    </Filter>
    <Filter Include="core\templates">
      <UniqueIdentifier>{79a32c28-98e3-4638-b789-f538e1215b2e}</UniqueIdentifier>
    </Filter>
    <Filter Include="view">
      <UniqueIdentifier>{1cd6631b-7a38-4e89-bdc9-cb73289053cc}</UniqueIdentifier>
    </Filter>
    <Filter Include="scene">
      <UniqueIdentifier>{e83bde28-12cd-41e7-9d7a-d0901e1cd7eb}</UniqueIdentifier>
    </Filter>
    <Filter Include="utils">
      <UniqueIdentifier>{2bf5a28f-1d06-4d92-a91e-27147f1d2b58}</UniqueIdentifier>
    </Filter>
    <Filter Include="core\userscripts">
      <UniqueIdentifier>{e83bde28-12cd-41e7-9d7a-d0901e1cd7ec}</UniqueIdentifier>
    </Filter>
    <Filter Include="core\userscripts\base_script">
      <UniqueIdentifier>{e83bde28-12cd-41e7-9d7a-d0901e1cd7ed}</UniqueIdentifier>
    </Filter>
    <ClInclude Include="platforms\input\Input.h">
      <Filter>platforms\input</Filter>
    </ClInclude>
    <ClInclude Include="platforms\input\InputBase.h">
      <Filter>platforms\input</Filter>
    </ClInclude>
    <ClInclude Include="platforms\input\InputHelpers.h">
      <Filter>platforms\input</Filter>
    </ClInclude>
    <ClInclude Include="platforms\input\InputEditor.h">
      <Filter>platforms\input</Filter>
    </ClInclude>
    <ClInclude Include="platforms\Platform.h">
      <Filter>platforms</Filter>
    </ClInclude>
    <ClInclude Include="platforms\main_loop\MainLoop.h">
      <Filter>platforms\main_loop</Filter>
    </ClInclude>
    <ClInclude Include="platforms\main_loop\MainLoop_Common.h">
      <Filter>platforms\main_loop</Filter>
    </ClInclude>
    <ClInclude Include="platforms\main_loop\MainLoop_Editor.h">
      <Filter>platforms\main_loop</Filter>
    </ClInclude>
    <ClInclude Include="platforms\window\Window.h">
      <Filter>platforms\window</Filter>
    </ClInclude>
    <ClInclude Include="platforms\window\Window_Common.h">
      <Filter>platforms\window</Filter>
    </ClInclude>
    <ClInclude Include="platforms\window\WinMSWindowEditor.h">
      <Filter>platforms\window</Filter>
    </ClInclude>
    <ClInclude Include="view\View.h">
      <Filter>view</Filter>
    </ClInclude>
    <ClInclude Include="view\ViewManager.h">
      <Filter>view</Filter>
    </ClInclude>
    <ClInclude Include="..\core\utils\ScreenResolution.h">
      <Filter>core\utils</Filter>
    </ClInclude>
    <ClInclude Include="..\core\utils\converters.h">
      <Filter>core\utils</Filter>
    </ClInclude>
    <ClInclude Include="scene\GameObject.h">
      <Filter>scene</Filter>
    </ClInclude>
    <ClInclude Include="scene\Scene.h">
      <Filter>scene</Filter>
    </ClInclude>
    <ClInclude Include="utils\Fwd.h">
      <Filter>utils</Filter>
    </ClInclude>
    <ClInclude Include="..\core\userscripts\ScriptRegistry.h">
      <Filter>core\userscripts</Filter>
    </ClInclude>
    <ClInclude Include="..\core\userscripts\base_script\Script.h">
      <Filter>core\userscripts\base_script</Filter>
    </ClInclude>
    <ClInclude Include="..\core\userscripts\base_script\GameScript.h">
      <Filter>core\userscripts\base_script</Filter>
    </ClInclude>
    <ClInclude Include="..\core\userscripts\base_script\SceneScript.h">
      <Filter>core\userscripts\base_script</Filter>
    </ClInclude>
    <ClInclude Include="..\core\userscripts\base_script\ViewScript.h">
      <Filter>core\userscripts\base_script</Filter>
    </ClInclude>
    </ItemGroup>
  <ItemGroup>
    <ClCompile Include="engine.cpp" />
    <ClCompile Include="pch\pch.cpp">
      <Filter>pch</Filter>
    </ClCompile>
    <ClCompile Include="platforms\config\ConfigManager.cpp">
      <Filter>platforms\config</Filter>
    </ClCompile>
    <ClCompile Include="platforms\package\PackageManager.cpp">
      <Filter>platforms\package</Filter>
    </ClCompile>
    <ClCompile Include="platforms\config\UserSettings.cpp">
      <Filter>platforms\config</Filter>
    </ClCompile>
    <ClCompile Include="platforms\config\ConfigEditor.cpp">
      <Filter>platforms\config</Filter>
    </ClCompile>
    <ClCompile Include="platforms\input\InputBase.cpp">
      <Filter>platforms\input</Filter>
    </ClCompile>
    <ClCompile Include="platforms\input\InputEditor.cpp">
      <Filter>platforms\input</Filter>
    </ClCompile>
    <ClCompile Include="platforms\Platform_Common.cpp">
      <Filter>platforms</Filter>
    </ClCompile>
    <ClCompile Include="platforms\Platform_Editor.cpp">
      <Filter>platforms</Filter>
    </ClCompile>
    <ClCompile Include="platforms\main_loop\MainLoop_Common.cpp">
      <Filter>platforms\main_loop</Filter>
    </ClCompile>
    <ClCompile Include="platforms\window\Window_Common.cpp">
      <Filter>platforms\window</Filter>
    </ClCompile>
    <ClCompile Include="platforms\window\WinMSWindowEditor.cpp">
      <Filter>platforms\window</Filter>
    </ClCompile>
    <ClCompile Include="view\View.cpp">
      <Filter>view</Filter>
    </ClCompile>
    <ClCompile Include="view\ViewManager.cpp">
      <Filter>view</Filter>
    </ClCompile>
    <ClCompile Include="scene\Scene.cpp">
      <Filter>scene</Filter>
    </ClCompile>
    <ClCompile Include="..\core\userscripts\ScriptRegistry.cpp">
      <Filter>core\userscripts</Filter>
    </ClCompile>
    <ClCompile Include="..\core\userscripts\base_script\Script.cpp">
      <Filter>core\userscripts\base_script</Filter>
    </ClCompile>
    <ClCompile Include="..\core\userscripts\base_script\GameScript.cpp">
      <Filter>core\userscripts\base_script</Filter>
    </ClCompile>
    <ClCompile Include="..\core\userscripts\base_script\SceneScript.cpp">
      <Filter>core\userscripts\base_script</Filter>
    </ClCompile>
    <ClCompile Include="..\core\userscripts\base_script\ViewScript.cpp">
      <Filter>core\userscripts\base_script</Filter>
    </ClCompile>
    </ItemGroup>
</Project>
