<?xml version="1.0" encoding="utf-8"?>
<Project ToolsVersion="4.0" xmlns="http://schemas.microsoft.com/developer/msbuild/2003">
  <ItemGroup>
    <Filter Include="core">
      <UniqueIdentifier>{6d946dcd-087f-47bd-93c6-946927cfa4a3}</UniqueIdentifier>
    </Filter>
    <Filter Include="engine_wrapper">
      <UniqueIdentifier>{36ea6d6d-6292-487b-83c9-f19b88931139}</UniqueIdentifier>
    </Filter>
  </ItemGroup>
  <ItemGroup>
    <ClInclude Include="core\editor_dll.h">
      <Filter>core</Filter>
    </ClInclude>
    <ClInclude Include="engine_wrapper\EditorEngine.h">
      <Filter>engine_wrapper</Filter>
    </ClInclude>
  </ItemGroup>
  <ItemGroup>
    <ClCompile Include="core\editor_dll.cpp">
      <Filter>core</Filter>
    </ClCompile>
    <ClCompile Include="engine_wrapper\EditorEngine.cpp">
      <Filter>engine_wrapper</Filter>
    </ClCompile>
  </ItemGroup>
</Project>
