<?xml version="1.0" encoding="utf-8"?>
<Project ToolsVersion="4.0" xmlns="http://schemas.microsoft.com/developer/msbuild/2003">
  <ItemGroup>
    <Filter Include="Исходные файлы">
      <UniqueIdentifier>{4FC737F1-C7A5-4376-A066-2A32D752A2FF}</UniqueIdentifier>
      <Extensions>cpp;c;cc;cxx;c++;cppm;ixx;def;odl;idl;hpj;bat;asm;asmx</Extensions>
    </Filter>
    <Filter Include="Файлы заголовков">
      <UniqueIdentifier>{93995380-89BD-4b04-88EB-625FBE52EBFB}</UniqueIdentifier>
      <Extensions>h;hh;hpp;hxx;h++;hm;inl;inc;ipp;xsd</Extensions>
    </Filter>
    <Filter Include="Файлы ресурсов">
      <UniqueIdentifier>{67DA6AB6-F800-4c08-8B7A-83BB121AAD01}</UniqueIdentifier>
      <Extensions>rc;ico;cur;bmp;dlg;rc2;rct;bin;rgs;gif;jpg;jpeg;jpe;resx;tiff;tif;png;wav;mfcribbon-ms</Extensions>
    </Filter>
  </ItemGroup>
  <ItemGroup>
    <ClInclude Include="pch.h">
      <Filter>Файлы заголовков</Filter>
    </ClInclude>
    <ClInclude Include="engineCore.h">
      <Filter>Файлы заголовков</Filter>
    </ClInclude>
    <ClInclude Include="Headers\HeaderThrowWrappers.h">
      <Filter>Файлы заголовков</Filter>
    </ClInclude>
    <ClInclude Include="Headers\HeaderEnums.h">
      <Filter>Файлы заголовков</Filter>
    </ClInclude>
    <ClInclude Include="Headers\Header.h">
      <Filter>Файлы заголовков</Filter>
    </ClInclude>
  </ItemGroup>
  <ItemGroup>
    <ClCompile Include="engineCore.cpp">
      <Filter>Исходные файлы</Filter>
    </ClCompile>
    <ClCompile Include="pch.cpp">
      <Filter>Исходные файлы</Filter>
    </ClCompile>
    <ClCompile Include="Source\Camera.cppm">
      <Filter>Исходные файлы</Filter>
    </ClCompile>
    <ClCompile Include="Source\Interfaces\IGAPI\IGAPI.cppm">
      <Filter>Исходные файлы</Filter>
    </ClCompile>
    <ClCompile Include="Utilities\Size2D.cppm">
      <Filter>Исходные файлы</Filter>
    </ClCompile>
    <ClCompile Include="Source\Serializer\Serializer.cppm">
      <Filter>Исходные файлы</Filter>
    </ClCompile>
    <ClCompile Include="source\Interfaces\IDeviceCapabilities\IDeviceCapabilities.cppm">
      <Filter>Исходные файлы</Filter>
    </ClCompile>
    <ClCompile Include="source\Interfaces\ICPUtoGPUTransfer\IGPUpload.cppm">
      <Filter>Исходные файлы</Filter>
    </ClCompile>
    <ClCompile Include="source\Interfaces\ICPUtoGPUTransfer\GPUUploadCallbacks.cppm">
      <Filter>Исходные файлы</Filter>
    </ClCompile>
    <ClCompile Include="Utilities\MsgBox.cppm">
      <Filter>Исходные файлы</Filter>
    </ClCompile>
    <ClCompile Include="Source\Interfaces\IMainLoop\IMainLoop.cppm">
      <Filter>Исходные файлы</Filter>
    </ClCompile>
    <ClCompile Include="Source\Interfaces\IAppWin\AppWin_MSWin.cppm">
      <Filter>Исходные файлы</Filter>
    </ClCompile>
    <ClCompile Include="Source\Interfaces\IIcoBuilder\ibMSWin.cppm">
      <Filter>Исходные файлы</Filter>
    </ClCompile>
    <ClCompile Include="Source\Interfaces\IIcoBuilder\IIcoBuilder.cppm">
      <Filter>Исходные файлы</Filter>
    </ClCompile>
    <ClCompile Include="Source\IO\IOPathFactory.cppm">
      <Filter>Исходные файлы</Filter>
    </ClCompile>
    <ClCompile Include="Source\Interfaces\IGAPI\DXAPI.cppm">
      <Filter>Исходные файлы</Filter>
    </ClCompile>
    <ClCompile Include="source\Interfaces\IDeviceCapabilities\DXDeviceCapabilities.cppm">
      <Filter>Исходные файлы</Filter>
    </ClCompile>
    <ClCompile Include="Platforms\DX\CommandWrapperDX.cppm">
      <Filter>Исходные файлы</Filter>
    </ClCompile>
    <ClCompile Include="Platforms\DX\RootSignature.cppm">
      <Filter>Исходные файлы</Filter>
    </ClCompile>
    <ClCompile Include="source\Interfaces\ICPUtoGPUTransfer\GPUUploadDX.cppm">
      <Filter>Исходные файлы</Filter>
    </ClCompile>
    <ClCompile Include="Source\Interfaces\IMainLoop\MainLoop_MSWin.cppm">
      <Filter>Исходные файлы</Filter>
    </ClCompile>
    <ClCompile Include="Utilities\Helpers.cppm">
      <Filter>Исходные файлы</Filter>
    </ClCompile>
    <ClCompile Include="Source\Interfaces\Configs\GAPIConfig\GAPIConfig.cppm">
      <Filter>Исходные файлы</Filter>
    </ClCompile>
    <ClCompile Include="Platforms\PrimitiveTopology.cppm">
      <Filter>Исходные файлы</Filter>
    </ClCompile>
    <ClCompile Include="source\Interfaces\IAppWin\IAppWin.cppm">
      <Filter>Исходные файлы</Filter>
    </ClCompile>
    <ClCompile Include="Utilities\Platforms.cppm">
      <Filter>Исходные файлы</Filter>
    </ClCompile>
    <ClCompile Include="Templates\QueueArray.cppm">
      <Filter>Исходные файлы</Filter>
    </ClCompile>
    <ClCompile Include="Templates\ThreadPool.cppm">
      <Filter>Исходные файлы</Filter>
    </ClCompile>
    <ClCompile Include="Templates\ThreadSafeQueueArray.cppm">
      <Filter>Исходные файлы</Filter>
    </ClCompile>
    <ClCompile Include="Templates\ThreadSafeSwapBuffer.cppm">
      <Filter>Исходные файлы</Filter>
    </ClCompile>
    <ClCompile Include="source\KeyCode.cppm">
      <Filter>Исходные файлы</Filter>
    </ClCompile>
    <ClCompile Include="source\Interfaces\IGAPI\VKAPI.cppm">
      <Filter>Исходные файлы</Filter>
    </ClCompile>
    <ClCompile Include="source\Interfaces\ICPUtoGPUTransfer\GPUUploadVK.cppm">
      <Filter>Исходные файлы</Filter>
    </ClCompile>
    <ClCompile Include="source\Interfaces\IDeviceCapabilities\VKDeviceCapabilities.cppm">
      <Filter>Исходные файлы</Filter>
    </ClCompile>
    <ClCompile Include="Source\Interfaces\Configs\AppWinConfig\AppConfig.cppm">
      <Filter>Исходные файлы</Filter>
    </ClCompile>
    <ClCompile Include="Source\Interfaces\Configs\AppWinConfig\AppConfig_MSWin.cppm">
      <Filter>Исходные файлы</Filter>
    </ClCompile>
    <ClCompile Include="Utilities\Version.cppm">
      <Filter>Исходные файлы</Filter>
    </ClCompile>
  </ItemGroup>
  <ItemGroup>
    <None Include="packages.config" />
  </ItemGroup>
</Project>