<?xml version="1.0" encoding="utf-8"?>
<Project ToolsVersion="4.0" xmlns="http://schemas.microsoft.com/developer/msbuild/2003">
  <ItemGroup>
    <Filter Include="Исходные файлы">
      <UniqueIdentifier>{4FC737F1-C7A5-4376-A066-2A32D752A2FF}</UniqueIdentifier>
      <Extensions>cpp;c;cc;cxx;c++;cppm;ixx;def;odl;idl;hpj;bat;asm;asmx</Extensions>
    </Filter>
    <Filter Include="Файлы заголовков">
      <UniqueIdentifier>{93995380-89BD-4b04-88EB-625FBE52EBFB}</UniqueIdentifier>
      <Extensions>h;hh;hpp;hxx;h++;hm;inl;inc;ipp;xsd</Extensions>
    </Filter>
    <Filter Include="Файлы ресурсов">
      <UniqueIdentifier>{67DA6AB6-F800-4c08-8B7A-83BB121AAD01}</UniqueIdentifier>
      <Extensions>rc;ico;cur;bmp;dlg;rc2;rct;bin;rgs;gif;jpg;jpeg;jpe;resx;tiff;tif;png;wav;mfcribbon-ms</Extensions>
    </Filter>
  </ItemGroup>
  <ItemGroup>
    <ClInclude Include="pch.h">
      <Filter>Файлы заголовков</Filter>
    </ClInclude>
    <ClInclude Include="Headers\header.h">
      <Filter>Файлы заголовков</Filter>
    </ClInclude>
    <ClInclude Include="engineCore.h">
      <Filter>Файлы заголовков</Filter>
    </ClInclude>
  </ItemGroup>
  <ItemGroup>
    <ClCompile Include="engineCore.cpp">
      <Filter>Исходные файлы</Filter>
    </ClCompile>
    <ClCompile Include="pch.cpp">
      <Filter>Исходные файлы</Filter>
    </ClCompile>
    <ClCompile Include="Source\Camera.cppm">
      <Filter>Исходные файлы</Filter>
    </ClCompile>
    <ClCompile Include="Utilities\RenderArea.cppm">
      <Filter>Исходные файлы</Filter>
    </ClCompile>
    <ClCompile Include="Source\RenderQueue.cppm">
      <Filter>Исходные файлы</Filter>
    </ClCompile>
    <ClCompile Include="Source\Scenes\Scene.cppm">
      <Filter>Исходные файлы</Filter>
    </ClCompile>
    <ClCompile Include="Source\Scenes\SceneEntity.cppm">
      <Filter>Исходные файлы</Filter>
    </ClCompile>
    <ClCompile Include="Source\Material.cppm">
      <Filter>Исходные файлы</Filter>
    </ClCompile>
    <ClCompile Include="Source\Interfaces\IPSO\IPSO.cppm">
      <Filter>Исходные файлы</Filter>
    </ClCompile>
    <ClCompile Include="Source\Interfaces\IGAPI\IGAPI.cppm">
      <Filter>Исходные файлы</Filter>
    </ClCompile>
    <ClCompile Include="Utilities\Size2D.cppm">
      <Filter>Исходные файлы</Filter>
    </ClCompile>
    <ClCompile Include="Utilities\Serializer.cppm">
      <Filter>Исходные файлы</Filter>
    </ClCompile>
    <ClCompile Include="Source\Interfaces\IAppWin\IAppWin.cppm">
      <Filter>Исходные файлы</Filter>
    </ClCompile>
    <ClCompile Include="Source\Interfaces\IAppWin\IAppWin_MSWin.cppm">
      <Filter>Исходные файлы</Filter>
    </ClCompile>
    <ClCompile Include="Source\Interfaces\ICheckGapiSupport.cppm">
      <Filter>Исходные файлы</Filter>
    </ClCompile>
    <ClCompile Include="Source\Interfaces\ICPUtoGPUDataTransfer.cppm">
      <Filter>Исходные файлы</Filter>
    </ClCompile>
    <ClCompile Include="Source\CPUtoGPUDataTransfer.cppm">
      <Filter>Исходные файлы</Filter>
    </ClCompile>
    <ClCompile Include="Source\Interfaces\IShader\IShader.cppm">
      <Filter>Исходные файлы</Filter>
    </ClCompile>
    <ClCompile Include="Source\Interfaces\IMeshGPU\IMeshGPU.cppm">
      <Filter>Исходные файлы</Filter>
    </ClCompile>
    <ClCompile Include="Source\Resources\CPUMesh.cppm">
      <Filter>Исходные файлы</Filter>
    </ClCompile>
    <ClCompile Include="Source\Resources\CPUVertexBuffer.cppm">
      <Filter>Исходные файлы</Filter>
    </ClCompile>
    <ClCompile Include="Source\Resources\CPUIndexBuffer.cppm">
      <Filter>Исходные файлы</Filter>
    </ClCompile>
    <ClCompile Include="Source\Resources\VertexFormatMapper.cppm">
      <Filter>Исходные файлы</Filter>
    </ClCompile>
    <ClCompile Include="Source\Interfaces\IPSO\IPSO_DirectX.cppm">
      <Filter>Исходные файлы</Filter>
    </ClCompile>
    <ClCompile Include="Source\Interfaces\IMeshGPU\IMeshGPU_DirectX.cppm">
      <Filter>Исходные файлы</Filter>
    </ClCompile>
    <ClCompile Include="Source\Interfaces\IShader\IShader_DirectX.cppm">
      <Filter>Исходные файлы</Filter>
    </ClCompile>
    <ClCompile Include="Source\Interfaces\IPSO\PSO_DX.cppm">
      <Filter>Исходные файлы</Filter>
    </ClCompile>
    <ClCompile Include="Utilities\MessageBox.cppm">
      <Filter>Исходные файлы</Filter>
    </ClCompile>
    <ClCompile Include="Source\Interfaces\IGAPI\IGAPI_DirectX.cppm">
      <Filter>Исходные файлы</Filter>
    </ClCompile>
    <ClCompile Include="Source\Interfaces\IMainLoop\IMainLoop.cppm">
      <Filter>Исходные файлы</Filter>
    </ClCompile>
    <ClCompile Include="Source\Interfaces\IAppWin\AppWin_MSWin.cppm">
      <Filter>Исходные файлы</Filter>
    </ClCompile>
    <ClCompile Include="Source\Interfaces\IIcoBuilder\ibMSWin.cppm">
      <Filter>Исходные файлы</Filter>
    </ClCompile>
    <ClCompile Include="Source\Interfaces\IIcoBuilder\IIcoBuilder.cppm">
      <Filter>Исходные файлы</Filter>
    </ClCompile>
    <ClCompile Include="Source\IO\IOPathFactory.cppm">
      <Filter>Исходные файлы</Filter>
    </ClCompile>
    <ClCompile Include="Source\Settings.cppm">
      <Filter>Исходные файлы</Filter>
    </ClCompile>
    <ClCompile Include="Source\ZAML\ioZaml.cppm">
      <Filter>Исходные файлы</Filter>
    </ClCompile>
    <ClCompile Include="Source\Interfaces\ISurfaceView\ISurfaceView.cppm">
      <Filter>Исходные файлы</Filter>
    </ClCompile>
    <ClCompile Include="Source\Interfaces\IGAPI\DXAPI.cppm">
      <Filter>Исходные файлы</Filter>
    </ClCompile>
    <ClCompile Include="Platforms\DX\CheckDirectXUltimateSupport.cppm">
      <Filter>Исходные файлы</Filter>
    </ClCompile>
    <ClCompile Include="Platforms\DX\CommandWrapperDX.cppm">
      <Filter>Исходные файлы</Filter>
    </ClCompile>
    <ClCompile Include="Platforms\DX\RootSignature.cppm">
      <Filter>Исходные файлы</Filter>
    </ClCompile>
    <ClCompile Include="Platforms\DX\CPUtoGPUDataTransferDX.cppm">
      <Filter>Исходные файлы</Filter>
    </ClCompile>
    <ClCompile Include="Source\Interfaces\IMainLoop\MainLoop_MSWin.cppm">
      <Filter>Исходные файлы</Filter>
    </ClCompile>
    <ClCompile Include="Source\Interfaces\IShader\Shader_DirectX.cppm">
      <Filter>Исходные файлы</Filter>
    </ClCompile>
    <ClCompile Include="Source\Interfaces\IMeshGPU\MeshGPU_DirectX.cppm">
      <Filter>Исходные файлы</Filter>
    </ClCompile>
    <ClCompile Include="Source\Interfaces\ISurfaceView\SurfDirectX.cppm">
      <Filter>Исходные файлы</Filter>
    </ClCompile>
    <ClCompile Include="Utilities\Helpers.cppm">
      <Filter>Исходные файлы</Filter>
    </ClCompile>
  </ItemGroup>
</Project>