<?xml version="1.0" encoding="utf-8"?>
<Project ToolsVersion="4.0" xmlns="http://www.microsoft.com/developer/msbuild/2003">
  <ItemGroup>
    <Filter Include="enums">
      <UniqueIdentifier>{6ca6ec27-b50a-42fc-8e4a-95c5c1815d74}</UniqueIdentifier>
    </Filter>
    <Filter Include="io">
      <UniqueIdentifier>{12345678-9abc-def0-1234-56789abcdef0}</UniqueIdentifier>
    </Filter>
    <Filter Include="package">
      <UniqueIdentifier>{7a561e89-1234-4567-89ab-cdef01234567}</UniqueIdentifier>
    </Filter>
    <Filter Include="serialize">
      <UniqueIdentifier>{4596b445-6677-4f6c-b3bf-1ca7b822c60c}</UniqueIdentifier>
    </Filter>
    <Filter Include="templates">
      <UniqueIdentifier>{89abcde0-1234-5678-9abc-def012345678}</UniqueIdentifier>
    </Filter>
  </ItemGroup>
  <ItemGroup>
    <ClInclude Include="Common.h" />
    <ClInclude Include="Constants.h" />
    <ClInclude Include="Defines.h" />
    <ClInclude Include="Ensure.h" />
    <ClInclude Include="CommonExport.h" />
    <ClInclude Include="Macroses.h" />
    <ClInclude Include="MemoryUtils.h" />
    <ClInclude Include="ThrowWrappers.h" />
    <ClInclude Include="Enums\eLogMessageType.h">
      <Filter>enums</Filter>
    </ClInclude>
    <ClInclude Include="Enums\eWinResize.h">
      <Filter>enums</Filter>
    </ClInclude>
    <ClInclude Include="Templates\DoubleBufferedVector.h">
      <Filter>templates</Filter>
    </ClInclude>
    <ClInclude Include="Templates\Size2D.h">
      <Filter>templates</Filter>
    </ClInclude>
  </ItemGroup>
  <ItemGroup>
    <ClCompile Include="ThrowWrappers.cpp" />
  </ItemGroup>
</Project>
